
Microsoft Visual Studio Solution File, Format Version 12.00
# Visual Studio 15
VisualStudioVersion = 15.0.27428.2027
MinimumVisualStudioVersion = 10.0.40219.1
Project("{FAE04EC0-301F-11D3-BF4B-00C04F79EFBC}") = "GitApp", "GitApp\GitApp.csproj", "{D9F0ACE0-D895-4ADD-A9DE-337348DA87A8}"
EndProject
Global
	GlobalSection(SolutionConfigurationPlatforms) = preSolution
		Debug|Any CPU = Debug|Any CPU
		Release|Any CPU = Release|Any CPU
	EndGlobalSection
	GlobalSection(ProjectConfigurationPlatforms) = postSolution
		{D9F0ACE0-D895-4ADD-A9DE-337348DA87A8}.Debug|Any CPU.ActiveCfg = Debug|Any CPU
		{D9F0ACE0-D895-4ADD-A9DE-337348DA87A8}.Debug|Any CPU.Build.0 = Debug|Any CPU
		{D9F0ACE0-D895-4ADD-A9DE-337348DA87A8}.Release|Any CPU.ActiveCfg = Release|Any CPU
		{D9F0ACE0-D895-4ADD-A9DE-337348DA87A8}.Release|Any CPU.Build.0 = Release|Any CPU
	EndGlobalSection
	GlobalSection(SolutionProperties) = preSolution
		HideSolutionNode = FALSE
	EndGlobalSection
	GlobalSection(ExtensibilityGlobals) = postSolution
		SolutionGuid = {97A7306C-79C2-4F4D-807E-8F6C829AFAC9}
	EndGlobalSection
EndGlobal
